
Microsoft Visual Studio Solution File, Format Version 11.00
# Visual Studio 2010
Project("{F184B08F-C81C-45F6-A57F-5ABD9991F28F}") = "LoGiC.net String Decryptor", "LoGiC.net String Decryptor\LoGiC.net String Decryptor.vbproj", "{9FE5ECCF-6682-4BC3-81E5-B068CDEEC013}"
EndProject
Global
	GlobalSection(SolutionConfigurationPlatforms) = preSolution
		Debug|x86 = Debug|x86
		Release|x86 = Release|x86
	EndGlobalSection
	GlobalSection(ProjectConfigurationPlatforms) = postSolution
		{9FE5ECCF-6682-4BC3-81E5-B068CDEEC013}.Debug|x86.ActiveCfg = Debug|x86
		{9FE5ECCF-6682-4BC3-81E5-B068CDEEC013}.Debug|x86.Build.0 = Debug|x86
		{9FE5ECCF-6682-4BC3-81E5-B068CDEEC013}.Release|x86.ActiveCfg = Release|x86
		{9FE5ECCF-6682-4BC3-81E5-B068CDEEC013}.Release|x86.Build.0 = Release|x86
	EndGlobalSection
	GlobalSection(SolutionProperties) = preSolution
		HideSolutionNode = FALSE
	EndGlobalSection
EndGlobal
